
Microsoft Visual Studio Solution File, Format Version 12.00
# Visual Studio Version 17
VisualStudioVersion = 17.0.31903.59
MinimumVisualStudioVersion = 10.0.40219.1
Project("{2150E333-8FDC-42A3-9474-1A3956D46DE8}") = "src", "src", "{90BFEE67-F412-443E-85F1-428414398808}"
EndProject
Project("{FAE04EC0-301F-11D3-BF4B-00C04F79EFBC}") = "ApiApp", "src\ApiApp\ApiApp.csproj", "{DC6D28D5-A495-40EE-BF41-6A3F3C49093D}"
EndProject
Global
	GlobalSection(SolutionConfigurationPlatforms) = preSolution
		Debug|Any CPU = Debug|Any CPU
		Release|Any CPU = Release|Any CPU
	EndGlobalSection
	GlobalSection(SolutionProperties) = preSolution
		HideSolutionNode = FALSE
	EndGlobalSection
	GlobalSection(ProjectConfigurationPlatforms) = postSolution
		{DC6D28D5-A495-40EE-BF41-6A3F3C49093D}.Debug|Any CPU.ActiveCfg = Debug|Any CPU
		{DC6D28D5-A495-40EE-BF41-6A3F3C49093D}.Debug|Any CPU.Build.0 = Debug|Any CPU
		{DC6D28D5-A495-40EE-BF41-6A3F3C49093D}.Release|Any CPU.ActiveCfg = Release|Any CPU
		{DC6D28D5-A495-40EE-BF41-6A3F3C49093D}.Release|Any CPU.Build.0 = Release|Any CPU
	EndGlobalSection
	GlobalSection(NestedProjects) = preSolution
		{DC6D28D5-A495-40EE-BF41-6A3F3C49093D} = {90BFEE67-F412-443E-85F1-428414398808}
	EndGlobalSection
EndGlobal
